
Microsoft Visual Studio Solution File, Format Version 12.00
# Visual Studio Version 17
VisualStudioVersion = 17.6.33815.320
MinimumVisualStudioVersion = 10.0.40219.1
Project("{FAE04EC0-301F-11D3-BF4B-00C04F79EFBC}") = "AzureRedis", "AzureRedis\AzureRedis.csproj", "{2E8A59EE-ACF9-45E8-A015-080F69459B71}"
EndProject
Global
	GlobalSection(SolutionConfigurationPlatforms) = preSolution
		Debug|Any CPU = Debug|Any CPU
		Release|Any CPU = Release|Any CPU
	EndGlobalSection
	GlobalSection(ProjectConfigurationPlatforms) = postSolution
		{2E8A59EE-ACF9-45E8-A015-080F69459B71}.Debug|Any CPU.ActiveCfg = Debug|Any CPU
		{2E8A59EE-ACF9-45E8-A015-080F69459B71}.Debug|Any CPU.Build.0 = Debug|Any CPU
		{2E8A59EE-ACF9-45E8-A015-080F69459B71}.Release|Any CPU.ActiveCfg = Release|Any CPU
		{2E8A59EE-ACF9-45E8-A015-080F69459B71}.Release|Any CPU.Build.0 = Release|Any CPU
	EndGlobalSection
	GlobalSection(SolutionProperties) = preSolution
		HideSolutionNode = FALSE
	EndGlobalSection
	GlobalSection(ExtensibilityGlobals) = postSolution
		SolutionGuid = {7306DCA5-5296-4B87-9B58-607C6DCE32CB}
	EndGlobalSection
EndGlobal
